
Microsoft Visual Studio Solution File, Format Version 12.00
# Visual Studio Version 17
VisualStudioVersion = 17.5.002.0
MinimumVisualStudioVersion = 10.0.40219.1
Project("{9A19103F-16F7-4668-BE54-9A1E7A4F7556}") = "SmartSchool.WebAPI", "SmartSchool.WebAPI\SmartSchool.WebAPI.csproj", "{D4244707-FC5F-4935-A8D5-7721267A242F}"
EndProject
Global
	GlobalSection(SolutionConfigurationPlatforms) = preSolution
		Debug|Any CPU = Debug|Any CPU
		Release|Any CPU = Release|Any CPU
	EndGlobalSection
	GlobalSection(ProjectConfigurationPlatforms) = postSolution
		{D4244707-FC5F-4935-A8D5-7721267A242F}.Debug|Any CPU.ActiveCfg = Debug|Any CPU
		{D4244707-FC5F-4935-A8D5-7721267A242F}.Debug|Any CPU.Build.0 = Debug|Any CPU
		{D4244707-FC5F-4935-A8D5-7721267A242F}.Release|Any CPU.ActiveCfg = Release|Any CPU
		{D4244707-FC5F-4935-A8D5-7721267A242F}.Release|Any CPU.Build.0 = Release|Any CPU
	EndGlobalSection
	GlobalSection(SolutionProperties) = preSolution
		HideSolutionNode = FALSE
	EndGlobalSection
	GlobalSection(ExtensibilityGlobals) = postSolution
		SolutionGuid = {54A7F5E8-006D-441A-A91E-9BD5120F84D7}
	EndGlobalSection
EndGlobal
